<?xml version="1.0" encoding="utf-8"?>
<Project ToolsVersion="4.0" xmlns="http://schemas.microsoft.com/developer/msbuild/2003">
  <ItemGroup>
    <Filter Include="Source Files">
      <UniqueIdentifier>{4FC737F1-C7A5-4376-A066-2A32D752A2FF}</UniqueIdentifier>
      <Extensions>cpp;c;cxx;def;odl;idl;hpj;bat;asm;asmx</Extensions>
    </Filter>
    <Filter Include="Header Files">
      <UniqueIdentifier>{93995380-89BD-4b04-88EB-625FBE52EBFB}</UniqueIdentifier>
      <Extensions>h;hpp;hxx;hm;inl;inc;xsd</Extensions>
    </Filter>
    <Filter Include="Source Files\xbox">
      <UniqueIdentifier>{b5cd90ae-ceeb-4071-90c1-06028e5e370a}</UniqueIdentifier>
    </Filter>
    <Filter Include="Header Files\xbox">
      <UniqueIdentifier>{826fb2de-02c8-4ab3-899c-b77c95701add}</UniqueIdentifier>
    </Filter>
    <Filter Include="Source Files\server">
      <UniqueIdentifier>{a87526cb-2a40-4ed4-a3fe-9b8c8327de19}</UniqueIdentifier>
    </Filter>
    <Filter Include="Header Files\server">
      <UniqueIdentifier>{146c9a18-6f07-4a08-a609-6f803c27c809}</UniqueIdentifier>
    </Filter>
  </ItemGroup>
  <ItemGroup>
    <ClInclude Include="stdafx.h">
      <Filter>Header Files</Filter>
    </ClInclude>
    <ClInclude Include="hooks.h">
      <Filter>Header Files\xbox</Filter>
    </ClInclude>
    <ClInclude Include="hypervisor.h">
      <Filter>Header Files\xbox</Filter>
    </ClInclude>
    <ClInclude Include="utilities.h">
      <Filter>Header Files\xbox</Filter>
    </ClInclude>
    <ClInclude Include="detour.h">
      <Filter>Header Files\xbox</Filter>
    </ClInclude>
    <ClInclude Include="challenges.h">
      <Filter>Header Files\xbox</Filter>
    </ClInclude>
    <ClInclude Include="ServComm.h">
      <Filter>Header Files\server</Filter>
    </ClInclude>
    <ClInclude Include="Token.h">
      <Filter>Header Files\server</Filter>
    </ClInclude>
    <ClInclude Include="ServFunc.h">
      <Filter>Header Files\server</Filter>
    </ClInclude>
    <ClInclude Include="keyvault.h">
      <Filter>Header Files\xbox</Filter>
    </ClInclude>
  </ItemGroup>
  <ItemGroup>
    <ClCompile Include="stdafx.cpp">
      <Filter>Source Files</Filter>
    </ClCompile>
    <ClCompile Include="main.cpp">
      <Filter>Source Files</Filter>
    </ClCompile>
    <ClCompile Include="challenges.cpp">
      <Filter>Source Files\xbox</Filter>
    </ClCompile>
    <ClCompile Include="hooks.cpp">
      <Filter>Source Files\xbox</Filter>
    </ClCompile>
    <ClCompile Include="hypervisor.cpp">
      <Filter>Source Files\xbox</Filter>
    </ClCompile>
    <ClCompile Include="utilities.cpp">
      <Filter>Source Files\xbox</Filter>
    </ClCompile>
    <ClCompile Include="Token.cpp">
      <Filter>Source Files\server</Filter>
    </ClCompile>
    <ClCompile Include="ServFunc.cpp">
      <Filter>Source Files\server</Filter>
    </ClCompile>
    <ClCompile Include="ServComm.cpp">
      <Filter>Source Files\server</Filter>
    </ClCompile>
    <ClCompile Include="keyvault.cpp">
      <Filter>Source Files\xbox</Filter>
    </ClCompile>
  </ItemGroup>
  <ItemGroup>
    <None Include="config.xml" />
  </ItemGroup>
</Project>