<?xml version="1.0" encoding="utf-8"?>
<Project ToolsVersion="4.0" xmlns="http://schemas.microsoft.com/developer/msbuild/2003">
  <ItemGroup>
    <Filter Include="Source Files">
      <UniqueIdentifier>{4FC737F1-C7A5-4376-A066-2A32D752A2FF}</UniqueIdentifier>
      <Extensions>cpp;c;cxx;def;odl;idl;hpj;bat;asm;asmx</Extensions>
    </Filter>
    <Filter Include="Header Files">
      <UniqueIdentifier>{93995380-89BD-4b04-88EB-625FBE52EBFB}</UniqueIdentifier>
      <Extensions>h;hpp;hxx;hm;inl;inc;xsd</Extensions>
    </Filter>
    <Filter Include="Header Files\Hooks">
      <UniqueIdentifier>{73bb3b15-db0d-4fb7-8245-9409750bf374}</UniqueIdentifier>
    </Filter>
    <Filter Include="Header Files\System">
      <UniqueIdentifier>{1faa7bb7-52e0-4a00-9666-adafdd840da0}</UniqueIdentifier>
    </Filter>
    <Filter Include="Source Files\Hooks">
      <UniqueIdentifier>{6b7b762c-e161-4421-b8bd-854973891953}</UniqueIdentifier>
    </Filter>
    <Filter Include="Source Files\System">
      <UniqueIdentifier>{c4b8c289-699e-4be1-9ed1-89970c012628}</UniqueIdentifier>
    </Filter>
    <Filter Include="Source Files\Other">
      <UniqueIdentifier>{1664b935-cd85-4393-a9d0-232a028f4ba7}</UniqueIdentifier>
    </Filter>
    <Filter Include="Header Files\Other">
      <UniqueIdentifier>{463aecb7-8744-4fd2-8987-c279d7e7a7c0}</UniqueIdentifier>
    </Filter>
    <Filter Include="Source Files\Server">
      <UniqueIdentifier>{343df22a-c7d9-417a-aee4-fb63ec8aac63}</UniqueIdentifier>
    </Filter>
    <Filter Include="Header Files\Server">
      <UniqueIdentifier>{db8e9ed3-e600-42a6-b2e9-e6b3315066b4}</UniqueIdentifier>
    </Filter>
  </ItemGroup>
  <ItemGroup>
    <ClInclude Include="stdafx.h">
      <Filter>Header Files</Filter>
    </ClInclude>
    <ClInclude Include="SystemHooks.h">
      <Filter>Header Files\Hooks</Filter>
    </ClInclude>
    <ClInclude Include="HUD.h">
      <Filter>Header Files\System</Filter>
    </ClInclude>
    <ClInclude Include="KeyVault.h">
      <Filter>Header Files\System</Filter>
    </ClInclude>
    <ClInclude Include="Utilities.h">
      <Filter>Header Files\Other</Filter>
    </ClInclude>
    <ClInclude Include="ServComm.h">
      <Filter>Header Files\Server</Filter>
    </ClInclude>
    <ClInclude Include="Token.h">
      <Filter>Header Files\Server</Filter>
    </ClInclude>
    <ClInclude Include="ServFunc.h">
      <Filter>Header Files\Server</Filter>
    </ClInclude>
    <ClInclude Include="Config.h">
      <Filter>Header Files\Other</Filter>
    </ClInclude>
    <ClInclude Include="Challenges.h">
      <Filter>Header Files\Other</Filter>
    </ClInclude>
    <ClInclude Include="TitleHooks.h">
      <Filter>Header Files\Hooks</Filter>
    </ClInclude>
    <ClInclude Include="HV.h">
      <Filter>Header Files\System</Filter>
    </ClInclude>
    <ClInclude Include="Xosc.h">
      <Filter>Source Files\Other</Filter>
    </ClInclude>
    <ClInclude Include="xoscStructs.h">
      <Filter>Source Files\Other</Filter>
    </ClInclude>
  </ItemGroup>
  <ItemGroup>
    <ClCompile Include="stdafx.cpp">
      <Filter>Source Files</Filter>
    </ClCompile>
    <ClCompile Include="SystemHooks.cpp">
      <Filter>Source Files\Hooks</Filter>
    </ClCompile>
    <ClCompile Include="HUD.cpp">
      <Filter>Source Files\System</Filter>
    </ClCompile>
    <ClCompile Include="Utilities.cpp">
      <Filter>Source Files\Other</Filter>
    </ClCompile>
    <ClCompile Include="ServComm.cpp">
      <Filter>Source Files\Server</Filter>
    </ClCompile>
    <ClCompile Include="Token.cpp">
      <Filter>Source Files\Server</Filter>
    </ClCompile>
    <ClCompile Include="ServFunc.cpp">
      <Filter>Source Files\Server</Filter>
    </ClCompile>
    <ClCompile Include="Challenges.cpp">
      <Filter>Source Files\Other</Filter>
    </ClCompile>
    <ClCompile Include="Main.cpp">
      <Filter>Source Files</Filter>
    </ClCompile>
    <ClCompile Include="TitleHooks.cpp">
      <Filter>Source Files\Hooks</Filter>
    </ClCompile>
    <ClCompile Include="HV.cpp">
      <Filter>Source Files\System</Filter>
    </ClCompile>
    <ClCompile Include="Xosc.cpp">
      <Filter>Source Files\Other</Filter>
    </ClCompile>
  </ItemGroup>
  <ItemGroup>
    <None Include="config.xml" />
  </ItemGroup>
</Project>